
Microsoft Visual Studio Solution File, Format Version 12.00
# Visual Studio Version 17
VisualStudioVersion = 17.7.34003.232
MinimumVisualStudioVersion = 10.0.40219.1
Project("{D954291E-2A0B-460D-934E-DC6B0785DB48}") = "RhythmViewExtension.SharedProject", "RhythmViewExtension.SharedProject.shproj", "{DF686D11-C6D3-4698-9834-1637E9537B33}"
EndProject
Global
	GlobalSection(SolutionProperties) = preSolution
		HideSolutionNode = FALSE
	EndGlobalSection
	GlobalSection(ExtensibilityGlobals) = postSolution
		SolutionGuid = {527B0964-D742-4608-A85F-44FDB6DB508A}
	EndGlobalSection
	GlobalSection(SharedMSBuildProjectFiles) = preSolution
		RhythmViewExtension.SharedProject.projitems*{df686d11-c6d3-4698-9834-1637e9537b33}*SharedItemsImports = 13
	EndGlobalSection
EndGlobal
