
Microsoft Visual Studio Solution File, Format Version 12.00
# Visual Studio Version 17
VisualStudioVersion = 17.4.33403.182
MinimumVisualStudioVersion = 10.0.40219.1
Project("{FAE04EC0-301F-11D3-BF4B-00C04F79EFBC}") = "RhythmRevit2122", "RhythmRevit2122.csproj", "{84DE31A9-48F8-474D-8754-01C1A31D5393}"
EndProject
Global
	GlobalSection(SolutionConfigurationPlatforms) = preSolution
		Debug|Any CPU = Debug|Any CPU
		Release|Any CPU = Release|Any CPU
	EndGlobalSection
	GlobalSection(ProjectConfigurationPlatforms) = postSolution
		{84DE31A9-48F8-474D-8754-01C1A31D5393}.Debug|Any CPU.ActiveCfg = Debug|Any CPU
		{84DE31A9-48F8-474D-8754-01C1A31D5393}.Debug|Any CPU.Build.0 = Debug|Any CPU
		{84DE31A9-48F8-474D-8754-01C1A31D5393}.Release|Any CPU.ActiveCfg = Release|Any CPU
		{84DE31A9-48F8-474D-8754-01C1A31D5393}.Release|Any CPU.Build.0 = Release|Any CPU
	EndGlobalSection
	GlobalSection(SolutionProperties) = preSolution
		HideSolutionNode = FALSE
	EndGlobalSection
	GlobalSection(ExtensibilityGlobals) = postSolution
		SolutionGuid = {18466998-63AD-4C87-B1E3-CCB1343BEA4A}
	EndGlobalSection
EndGlobal
