
Microsoft Visual Studio Solution File, Format Version 12.00
# Visual Studio Version 17
VisualStudioVersion = 17.6.33815.320
MinimumVisualStudioVersion = 10.0.40219.1
Project("{FAE04EC0-301F-11D3-BF4B-00C04F79EFBC}") = "RhythmViewExtension", "RhythmViewExtension.csproj", "{A2F75C8F-5F87-461A-AA9E-436677763BB6}"
EndProject
Global
	GlobalSection(SolutionConfigurationPlatforms) = preSolution
		Debug|Any CPU = Debug|Any CPU
		Release|Any CPU = Release|Any CPU
	EndGlobalSection
	GlobalSection(ProjectConfigurationPlatforms) = postSolution
		{A2F75C8F-5F87-461A-AA9E-436677763BB6}.Debug|Any CPU.ActiveCfg = Debug|Any CPU
		{A2F75C8F-5F87-461A-AA9E-436677763BB6}.Debug|Any CPU.Build.0 = Debug|Any CPU
		{A2F75C8F-5F87-461A-AA9E-436677763BB6}.Release|Any CPU.ActiveCfg = Release|Any CPU
		{A2F75C8F-5F87-461A-AA9E-436677763BB6}.Release|Any CPU.Build.0 = Release|Any CPU
	EndGlobalSection
	GlobalSection(SolutionProperties) = preSolution
		HideSolutionNode = FALSE
	EndGlobalSection
	GlobalSection(ExtensibilityGlobals) = postSolution
		SolutionGuid = {15B98A31-3B12-47DD-B2C7-34E907E62FCC}
	EndGlobalSection
EndGlobal
