
Microsoft Visual Studio Solution File, Format Version 12.00
# Visual Studio Version 17
VisualStudioVersion = 17.4.33403.182
MinimumVisualStudioVersion = 10.0.40219.1
Project("{FAE04EC0-301F-11D3-BF4B-00C04F79EFBC}") = "RhythmRevit2023", "RhythmRevit2023.csproj", "{982CBABE-5131-4011-A93D-435F5B6458E1}"
EndProject
Global
	GlobalSection(SolutionConfigurationPlatforms) = preSolution
		Debug|Any CPU = Debug|Any CPU
		Release|Any CPU = Release|Any CPU
	EndGlobalSection
	GlobalSection(ProjectConfigurationPlatforms) = postSolution
		{982CBABE-5131-4011-A93D-435F5B6458E1}.Debug|Any CPU.ActiveCfg = Debug|Any CPU
		{982CBABE-5131-4011-A93D-435F5B6458E1}.Debug|Any CPU.Build.0 = Debug|Any CPU
		{982CBABE-5131-4011-A93D-435F5B6458E1}.Release|Any CPU.ActiveCfg = Release|Any CPU
		{982CBABE-5131-4011-A93D-435F5B6458E1}.Release|Any CPU.Build.0 = Release|Any CPU
	EndGlobalSection
	GlobalSection(SolutionProperties) = preSolution
		HideSolutionNode = FALSE
	EndGlobalSection
	GlobalSection(ExtensibilityGlobals) = postSolution
		SolutionGuid = {F95B64B5-A1D3-4C07-9E31-981F851F92AA}
	EndGlobalSection
EndGlobal
