
Microsoft Visual Studio Solution File, Format Version 12.00
# Visual Studio Version 17
VisualStudioVersion = 17.7.34003.232
MinimumVisualStudioVersion = 10.0.40219.1
Project("{D954291E-2A0B-460D-934E-DC6B0785DB48}") = "RhythmExtension.SharedProject", "RhythmExtension.SharedProject.shproj", "{8352C8D4-124A-400B-A6B1-DE3E3C6F43B3}"
EndProject
Global
	GlobalSection(SolutionProperties) = preSolution
		HideSolutionNode = FALSE
	EndGlobalSection
	GlobalSection(ExtensibilityGlobals) = postSolution
		SolutionGuid = {6D2AD1FB-F0A9-4341-86CE-79A3DF1CF360}
	EndGlobalSection
	GlobalSection(SharedMSBuildProjectFiles) = preSolution
		RhythmExtension.SharedProject.projitems*{8352c8d4-124a-400b-a6b1-de3e3c6f43b3}*SharedItemsImports = 13
	EndGlobalSection
EndGlobal
