
Microsoft Visual Studio Solution File, Format Version 12.00
# Visual Studio Version 17
VisualStudioVersion = 17.6.33815.320
MinimumVisualStudioVersion = 10.0.40219.1
Project("{9A19103F-16F7-4668-BE54-9A1E7A4F7556}") = "RhythmUI", "RhythmUI.csproj", "{682544B9-D61D-4260-B358-5F9063B34E1A}"
EndProject
Global
	GlobalSection(SolutionConfigurationPlatforms) = preSolution
		Debug R20|Any CPU = Debug R20|Any CPU
		Debug R21|Any CPU = Debug R21|Any CPU
		Debug R22|Any CPU = Debug R22|Any CPU
		Debug R23|Any CPU = Debug R23|Any CPU
		Debug R24|Any CPU = Debug R24|Any CPU
		Debug R25|Any CPU = Debug R25|Any CPU
		Release R20|Any CPU = Release R20|Any CPU
		Release R21|Any CPU = Release R21|Any CPU
		Release R22|Any CPU = Release R22|Any CPU
		Release R23|Any CPU = Release R23|Any CPU
		Release R24|Any CPU = Release R24|Any CPU
		Release R25|Any CPU = Release R25|Any CPU
	EndGlobalSection
	GlobalSection(ProjectConfigurationPlatforms) = postSolution
		{682544B9-D61D-4260-B358-5F9063B34E1A}.Debug R20|Any CPU.ActiveCfg = Debug R20|Any CPU
		{682544B9-D61D-4260-B358-5F9063B34E1A}.Debug R20|Any CPU.Build.0 = Debug R20|Any CPU
		{682544B9-D61D-4260-B358-5F9063B34E1A}.Debug R21|Any CPU.ActiveCfg = Debug R21|Any CPU
		{682544B9-D61D-4260-B358-5F9063B34E1A}.Debug R21|Any CPU.Build.0 = Debug R21|Any CPU
		{682544B9-D61D-4260-B358-5F9063B34E1A}.Debug R22|Any CPU.ActiveCfg = Debug R22|Any CPU
		{682544B9-D61D-4260-B358-5F9063B34E1A}.Debug R22|Any CPU.Build.0 = Debug R22|Any CPU
		{682544B9-D61D-4260-B358-5F9063B34E1A}.Debug R23|Any CPU.ActiveCfg = Debug R23|Any CPU
		{682544B9-D61D-4260-B358-5F9063B34E1A}.Debug R23|Any CPU.Build.0 = Debug R23|Any CPU
		{682544B9-D61D-4260-B358-5F9063B34E1A}.Debug R24|Any CPU.ActiveCfg = Debug R24|Any CPU
		{682544B9-D61D-4260-B358-5F9063B34E1A}.Debug R24|Any CPU.Build.0 = Debug R24|Any CPU
		{682544B9-D61D-4260-B358-5F9063B34E1A}.Debug R25|Any CPU.ActiveCfg = Debug R25|Any CPU
		{682544B9-D61D-4260-B358-5F9063B34E1A}.Debug R25|Any CPU.Build.0 = Debug R25|Any CPU
		{682544B9-D61D-4260-B358-5F9063B34E1A}.Release R20|Any CPU.ActiveCfg = Release R20|Any CPU
		{682544B9-D61D-4260-B358-5F9063B34E1A}.Release R20|Any CPU.Build.0 = Release R20|Any CPU
		{682544B9-D61D-4260-B358-5F9063B34E1A}.Release R21|Any CPU.ActiveCfg = Release R21|Any CPU
		{682544B9-D61D-4260-B358-5F9063B34E1A}.Release R21|Any CPU.Build.0 = Release R21|Any CPU
		{682544B9-D61D-4260-B358-5F9063B34E1A}.Release R22|Any CPU.ActiveCfg = Release R22|Any CPU
		{682544B9-D61D-4260-B358-5F9063B34E1A}.Release R22|Any CPU.Build.0 = Release R22|Any CPU
		{682544B9-D61D-4260-B358-5F9063B34E1A}.Release R23|Any CPU.ActiveCfg = Release R23|Any CPU
		{682544B9-D61D-4260-B358-5F9063B34E1A}.Release R23|Any CPU.Build.0 = Release R23|Any CPU
		{682544B9-D61D-4260-B358-5F9063B34E1A}.Release R24|Any CPU.ActiveCfg = Release R24|Any CPU
		{682544B9-D61D-4260-B358-5F9063B34E1A}.Release R24|Any CPU.Build.0 = Release R24|Any CPU
		{682544B9-D61D-4260-B358-5F9063B34E1A}.Release R25|Any CPU.ActiveCfg = Release R25|Any CPU
		{682544B9-D61D-4260-B358-5F9063B34E1A}.Release R25|Any CPU.Build.0 = Release R25|Any CPU
	EndGlobalSection
	GlobalSection(SolutionProperties) = preSolution
		HideSolutionNode = FALSE
	EndGlobalSection
	GlobalSection(ExtensibilityGlobals) = postSolution
		SolutionGuid = {0A40F70C-3F4B-49F5-A7CF-20BE8AB8012B}
	EndGlobalSection
EndGlobal
