
Microsoft Visual Studio Solution File, Format Version 12.00
# Visual Studio Version 17
VisualStudioVersion = 17.7.34003.232
MinimumVisualStudioVersion = 10.0.40219.1
Project("{FAE04EC0-301F-11D3-BF4B-00C04F79EFBC}") = "RhythmRevit.2024", "RhythmRevit.2024.csproj", "{3960FF23-2B1C-48AE-B770-D9203640FE07}"
EndProject
Global
	GlobalSection(SolutionConfigurationPlatforms) = preSolution
		Debug|Any CPU = Debug|Any CPU
		Release|Any CPU = Release|Any CPU
	EndGlobalSection
	GlobalSection(ProjectConfigurationPlatforms) = postSolution
		{3960FF23-2B1C-48AE-B770-D9203640FE07}.Debug|Any CPU.ActiveCfg = Debug|Any CPU
		{3960FF23-2B1C-48AE-B770-D9203640FE07}.Debug|Any CPU.Build.0 = Debug|Any CPU
		{3960FF23-2B1C-48AE-B770-D9203640FE07}.Release|Any CPU.ActiveCfg = Release|Any CPU
		{3960FF23-2B1C-48AE-B770-D9203640FE07}.Release|Any CPU.Build.0 = Release|Any CPU
	EndGlobalSection
	GlobalSection(SolutionProperties) = preSolution
		HideSolutionNode = FALSE
	EndGlobalSection
	GlobalSection(ExtensibilityGlobals) = postSolution
		SolutionGuid = {333D3468-B9BD-4412-8C6E-3D5610844C40}
	EndGlobalSection
EndGlobal
