
Microsoft Visual Studio Solution File, Format Version 12.00
# Visual Studio Version 17
VisualStudioVersion = 17.6.33815.320
MinimumVisualStudioVersion = 10.0.40219.1
Project("{9A19103F-16F7-4668-BE54-9A1E7A4F7556}") = "RhythmCore", "RhythmCore.csproj", "{63D58255-D8AB-42FE-BD8E-5EBE6C64C558}"
EndProject
Global
	GlobalSection(SolutionConfigurationPlatforms) = preSolution
		Debug R20|Any CPU = Debug R20|Any CPU
		Debug R21|Any CPU = Debug R21|Any CPU
		Debug R22|Any CPU = Debug R22|Any CPU
		Debug R23|Any CPU = Debug R23|Any CPU
		Debug R24|Any CPU = Debug R24|Any CPU
		Debug R25|Any CPU = Debug R25|Any CPU
		Debug R26|Any CPU = Debug R26|Any CPU
		Release R20|Any CPU = Release R20|Any CPU
		Release R21|Any CPU = Release R21|Any CPU
		Release R22|Any CPU = Release R22|Any CPU
		Release R23|Any CPU = Release R23|Any CPU
		Release R24|Any CPU = Release R24|Any CPU
		Release R25|Any CPU = Release R25|Any CPU
		Release R26|Any CPU = Release R26|Any CPU
	EndGlobalSection
	GlobalSection(ProjectConfigurationPlatforms) = postSolution
		{63D58255-D8AB-42FE-BD8E-5EBE6C64C558}.Debug R20|Any CPU.ActiveCfg = Debug R20|Any CPU
		{63D58255-D8AB-42FE-BD8E-5EBE6C64C558}.Debug R20|Any CPU.Build.0 = Debug R20|Any CPU
		{63D58255-D8AB-42FE-BD8E-5EBE6C64C558}.Debug R21|Any CPU.ActiveCfg = Debug R21|Any CPU
		{63D58255-D8AB-42FE-BD8E-5EBE6C64C558}.Debug R21|Any CPU.Build.0 = Debug R21|Any CPU
		{63D58255-D8AB-42FE-BD8E-5EBE6C64C558}.Debug R22|Any CPU.ActiveCfg = Debug R22|Any CPU
		{63D58255-D8AB-42FE-BD8E-5EBE6C64C558}.Debug R22|Any CPU.Build.0 = Debug R22|Any CPU
		{63D58255-D8AB-42FE-BD8E-5EBE6C64C558}.Debug R23|Any CPU.ActiveCfg = Debug R23|Any CPU
		{63D58255-D8AB-42FE-BD8E-5EBE6C64C558}.Debug R23|Any CPU.Build.0 = Debug R23|Any CPU
		{63D58255-D8AB-42FE-BD8E-5EBE6C64C558}.Debug R24|Any CPU.ActiveCfg = Debug R24|Any CPU
		{63D58255-D8AB-42FE-BD8E-5EBE6C64C558}.Debug R24|Any CPU.Build.0 = Debug R24|Any CPU
		{63D58255-D8AB-42FE-BD8E-5EBE6C64C558}.Debug R25|Any CPU.ActiveCfg = Debug R25|Any CPU
		{63D58255-D8AB-42FE-BD8E-5EBE6C64C558}.Debug R25|Any CPU.Build.0 = Debug R25|Any CPU
		{63D58255-D8AB-42FE-BD8E-5EBE6C64C558}.Debug R26|Any CPU.ActiveCfg = Debug R26|Any CPU
		{63D58255-D8AB-42FE-BD8E-5EBE6C64C558}.Debug R26|Any CPU.Build.0 = Debug R26|Any CPU
		{63D58255-D8AB-42FE-BD8E-5EBE6C64C558}.Release R20|Any CPU.ActiveCfg = Release R20|Any CPU
		{63D58255-D8AB-42FE-BD8E-5EBE6C64C558}.Release R20|Any CPU.Build.0 = Release R20|Any CPU
		{63D58255-D8AB-42FE-BD8E-5EBE6C64C558}.Release R21|Any CPU.ActiveCfg = Release R21|Any CPU
		{63D58255-D8AB-42FE-BD8E-5EBE6C64C558}.Release R21|Any CPU.Build.0 = Release R21|Any CPU
		{63D58255-D8AB-42FE-BD8E-5EBE6C64C558}.Release R22|Any CPU.ActiveCfg = Release R22|Any CPU
		{63D58255-D8AB-42FE-BD8E-5EBE6C64C558}.Release R22|Any CPU.Build.0 = Release R22|Any CPU
		{63D58255-D8AB-42FE-BD8E-5EBE6C64C558}.Release R23|Any CPU.ActiveCfg = Release R23|Any CPU
		{63D58255-D8AB-42FE-BD8E-5EBE6C64C558}.Release R23|Any CPU.Build.0 = Release R23|Any CPU
		{63D58255-D8AB-42FE-BD8E-5EBE6C64C558}.Release R24|Any CPU.ActiveCfg = Release R24|Any CPU
		{63D58255-D8AB-42FE-BD8E-5EBE6C64C558}.Release R24|Any CPU.Build.0 = Release R24|Any CPU
		{63D58255-D8AB-42FE-BD8E-5EBE6C64C558}.Release R25|Any CPU.ActiveCfg = Release R25|Any CPU
		{63D58255-D8AB-42FE-BD8E-5EBE6C64C558}.Release R25|Any CPU.Build.0 = Release R25|Any CPU
		{63D58255-D8AB-42FE-BD8E-5EBE6C64C558}.Release R26|Any CPU.ActiveCfg = Release R26|Any CPU
		{63D58255-D8AB-42FE-BD8E-5EBE6C64C558}.Release R26|Any CPU.Build.0 = Release R26|Any CPU
	EndGlobalSection
	GlobalSection(SolutionProperties) = preSolution
		HideSolutionNode = FALSE
	EndGlobalSection
	GlobalSection(ExtensibilityGlobals) = postSolution
		SolutionGuid = {FDD06F63-411C-4FCF-A76F-FD876FF84BEC}
	EndGlobalSection
EndGlobal
