
Microsoft Visual Studio Solution File, Format Version 12.00
# Visual Studio 15
VisualStudioVersion = 15.0.28307.852
MinimumVisualStudioVersion = 10.0.40219.1
Project("{FAE04EC0-301F-11D3-BF4B-00C04F79EFBC}") = "RhythmViewExtension", "RhythmViewExtension.csproj", "{7BF1699A-D5D7-4BD7-AEE3-65326BF3EA6F}"
EndProject
Global
	GlobalSection(SolutionConfigurationPlatforms) = preSolution
		Debug|Any CPU = Debug|Any CPU
		Release|Any CPU = Release|Any CPU
	EndGlobalSection
	GlobalSection(ProjectConfigurationPlatforms) = postSolution
		{7BF1699A-D5D7-4BD7-AEE3-65326BF3EA6F}.Debug|Any CPU.ActiveCfg = Debug|Any CPU
		{7BF1699A-D5D7-4BD7-AEE3-65326BF3EA6F}.Debug|Any CPU.Build.0 = Debug|Any CPU
		{7BF1699A-D5D7-4BD7-AEE3-65326BF3EA6F}.Release|Any CPU.ActiveCfg = Release|Any CPU
		{7BF1699A-D5D7-4BD7-AEE3-65326BF3EA6F}.Release|Any CPU.Build.0 = Release|Any CPU
	EndGlobalSection
	GlobalSection(SolutionProperties) = preSolution
		HideSolutionNode = FALSE
	EndGlobalSection
	GlobalSection(ExtensibilityGlobals) = postSolution
		SolutionGuid = {7CE67EC5-E335-4FC5-9674-1C311C9E0252}
	EndGlobalSection
EndGlobal
