
Microsoft Visual Studio Solution File, Format Version 12.00
# Visual Studio Version 17
VisualStudioVersion = 17.7.34003.232
MinimumVisualStudioVersion = 10.0.40219.1
Project("{9A19103F-16F7-4668-BE54-9A1E7A4F7556}") = "RhythmViewExtension", "RhythmViewExtension.csproj", "{0B4B05E9-C1A8-4767-8307-98914BCC6842}"
EndProject
Global
	GlobalSection(SolutionConfigurationPlatforms) = preSolution
		Debug R24|Any CPU = Debug R24|Any CPU
		Debug R25|Any CPU = Debug R25|Any CPU
		Debug R26|Any CPU = Debug R26|Any CPU
		Release R24|Any CPU = Release R24|Any CPU
		Release R25|Any CPU = Release R25|Any CPU
		Release R26|Any CPU = Release R26|Any CPU
	EndGlobalSection
	GlobalSection(ProjectConfigurationPlatforms) = postSolution
		{0B4B05E9-C1A8-4767-8307-98914BCC6842}.Debug R24|Any CPU.ActiveCfg = Debug R24|Any CPU
		{0B4B05E9-C1A8-4767-8307-98914BCC6842}.Debug R24|Any CPU.Build.0 = Debug R24|Any CPU
		{0B4B05E9-C1A8-4767-8307-98914BCC6842}.Debug R25|Any CPU.ActiveCfg = Debug R25|Any CPU
		{0B4B05E9-C1A8-4767-8307-98914BCC6842}.Debug R25|Any CPU.Build.0 = Debug R25|Any CPU
		{0B4B05E9-C1A8-4767-8307-98914BCC6842}.Debug R26|Any CPU.ActiveCfg = Debug R26|Any CPU
		{0B4B05E9-C1A8-4767-8307-98914BCC6842}.Debug R26|Any CPU.Build.0 = Debug R26|Any CPU
		{0B4B05E9-C1A8-4767-8307-98914BCC6842}.Release R24|Any CPU.ActiveCfg = Release R24|Any CPU
		{0B4B05E9-C1A8-4767-8307-98914BCC6842}.Release R24|Any CPU.Build.0 = Release R24|Any CPU
		{0B4B05E9-C1A8-4767-8307-98914BCC6842}.Release R25|Any CPU.ActiveCfg = Release R25|Any CPU
		{0B4B05E9-C1A8-4767-8307-98914BCC6842}.Release R25|Any CPU.Build.0 = Release R25|Any CPU
		{0B4B05E9-C1A8-4767-8307-98914BCC6842}.Release R26|Any CPU.ActiveCfg = Release R26|Any CPU
		{0B4B05E9-C1A8-4767-8307-98914BCC6842}.Release R26|Any CPU.Build.0 = Release R26|Any CPU
	EndGlobalSection
	GlobalSection(SolutionProperties) = preSolution
		HideSolutionNode = FALSE
	EndGlobalSection
	GlobalSection(ExtensibilityGlobals) = postSolution
		SolutionGuid = {FACA4962-653A-42A7-A063-E2E26814C534}
	EndGlobalSection
EndGlobal
