
Microsoft Visual Studio Solution File, Format Version 12.00
# Visual Studio Version 17
VisualStudioVersion = 17.7.34003.232
MinimumVisualStudioVersion = 10.0.40219.1
Project("{FAE04EC0-301F-11D3-BF4B-00C04F79EFBC}") = "RhythmViewExtension.2024", "RhythmViewExtension.2024.csproj", "{0B4B05E9-C1A8-4767-8307-98914BCC6842}"
EndProject
Global
	GlobalSection(SolutionConfigurationPlatforms) = preSolution
		Debug|Any CPU = Debug|Any CPU
		Release|Any CPU = Release|Any CPU
	EndGlobalSection
	GlobalSection(ProjectConfigurationPlatforms) = postSolution
		{0B4B05E9-C1A8-4767-8307-98914BCC6842}.Debug|Any CPU.ActiveCfg = Debug|Any CPU
		{0B4B05E9-C1A8-4767-8307-98914BCC6842}.Debug|Any CPU.Build.0 = Debug|Any CPU
		{0B4B05E9-C1A8-4767-8307-98914BCC6842}.Release|Any CPU.ActiveCfg = Release|Any CPU
		{0B4B05E9-C1A8-4767-8307-98914BCC6842}.Release|Any CPU.Build.0 = Release|Any CPU
	EndGlobalSection
	GlobalSection(SolutionProperties) = preSolution
		HideSolutionNode = FALSE
	EndGlobalSection
	GlobalSection(ExtensibilityGlobals) = postSolution
		SolutionGuid = {D8C0698F-37A5-4FF2-977A-A4DC8D1941AD}
	EndGlobalSection
EndGlobal
