
Microsoft Visual Studio Solution File, Format Version 12.00
# Visual Studio Version 17
VisualStudioVersion = 17.7.34003.232
MinimumVisualStudioVersion = 10.0.40219.1
Project("{D954291E-2A0B-460D-934E-DC6B0785DB48}") = "RhythmRevit.SharedProject", "RhythmRevit.SharedProject\RhythmRevit.SharedProject.shproj", "{72686D71-EE55-437D-88C0-AE843287FA08}"
EndProject
Project("{FAE04EC0-301F-11D3-BF4B-00C04F79EFBC}") = "RhythmRevit.2024", "RhythmRevit.2024\RhythmRevit.2024.csproj", "{3960FF23-2B1C-48AE-B770-D9203640FE07}"
EndProject
Global
	GlobalSection(SolutionConfigurationPlatforms) = preSolution
		Debug|Any CPU = Debug|Any CPU
		Debug|x64 = Debug|x64
		Release|Any CPU = Release|Any CPU
		Release|x64 = Release|x64
	EndGlobalSection
	GlobalSection(ProjectConfigurationPlatforms) = postSolution
		{3960FF23-2B1C-48AE-B770-D9203640FE07}.Debug|Any CPU.ActiveCfg = Debug|Any CPU
		{3960FF23-2B1C-48AE-B770-D9203640FE07}.Debug|Any CPU.Build.0 = Debug|Any CPU
		{3960FF23-2B1C-48AE-B770-D9203640FE07}.Debug|x64.ActiveCfg = Debug|x64
		{3960FF23-2B1C-48AE-B770-D9203640FE07}.Debug|x64.Build.0 = Debug|x64
		{3960FF23-2B1C-48AE-B770-D9203640FE07}.Release|Any CPU.ActiveCfg = Release|x64
		{3960FF23-2B1C-48AE-B770-D9203640FE07}.Release|Any CPU.Build.0 = Release|x64
		{3960FF23-2B1C-48AE-B770-D9203640FE07}.Release|x64.ActiveCfg = Release|x64
		{3960FF23-2B1C-48AE-B770-D9203640FE07}.Release|x64.Build.0 = Release|x64
	EndGlobalSection
	GlobalSection(SolutionProperties) = preSolution
		HideSolutionNode = FALSE
	EndGlobalSection
	GlobalSection(ExtensibilityGlobals) = postSolution
		SolutionGuid = {AA54D464-B124-4064-A73D-A50797FE9FD3}
	EndGlobalSection
	GlobalSection(SharedMSBuildProjectFiles) = preSolution
		RhythmRevit.SharedProject\RhythmRevit.SharedProject.projitems*{3960ff23-2b1c-48ae-b770-d9203640fe07}*SharedItemsImports = 4
		RhythmRevit.SharedProject\RhythmRevit.SharedProject.projitems*{72686d71-ee55-437d-88c0-ae843287fa08}*SharedItemsImports = 13
	EndGlobalSection
EndGlobal
