
Microsoft Visual Studio Solution File, Format Version 12.00
# Visual Studio Version 17
VisualStudioVersion = 17.4.33403.182
MinimumVisualStudioVersion = 10.0.40219.1
Project("{FAE04EC0-301F-11D3-BF4B-00C04F79EFBC}") = "RhythmRevitCompatibility", "RhythmRevitCompatibility.csproj", "{687A681C-A17D-49E7-9BA5-7848F7A56EE9}"
EndProject
Global
	GlobalSection(SolutionConfigurationPlatforms) = preSolution
		Debug|Any CPU = Debug|Any CPU
		Release|Any CPU = Release|Any CPU
	EndGlobalSection
	GlobalSection(ProjectConfigurationPlatforms) = postSolution
		{687A681C-A17D-49E7-9BA5-7848F7A56EE9}.Debug|Any CPU.ActiveCfg = Debug|Any CPU
		{687A681C-A17D-49E7-9BA5-7848F7A56EE9}.Debug|Any CPU.Build.0 = Debug|Any CPU
		{687A681C-A17D-49E7-9BA5-7848F7A56EE9}.Release|Any CPU.ActiveCfg = Release|Any CPU
		{687A681C-A17D-49E7-9BA5-7848F7A56EE9}.Release|Any CPU.Build.0 = Release|Any CPU
	EndGlobalSection
	GlobalSection(SolutionProperties) = preSolution
		HideSolutionNode = FALSE
	EndGlobalSection
	GlobalSection(ExtensibilityGlobals) = postSolution
		SolutionGuid = {04305CA8-580E-4C9C-8FD6-3802FE12AB5D}
	EndGlobalSection
EndGlobal
