
Microsoft Visual Studio Solution File, Format Version 12.00
# Visual Studio Version 17
VisualStudioVersion = 17.6.33815.320
MinimumVisualStudioVersion = 10.0.40219.1
Project("{FAE04EC0-301F-11D3-BF4B-00C04F79EFBC}") = "RhythmCore", "RhythmCore\RhythmCore.csproj", "{63D58255-D8AB-42FE-BD8E-5EBE6C64C558}"
EndProject
Project("{FAE04EC0-301F-11D3-BF4B-00C04F79EFBC}") = "RhythmRevit", "RhythmRevit\RhythmRevit.csproj", "{E6678CFE-EDFD-4F2D-A992-2B39B19F3F5A}"
EndProject
Project("{FAE04EC0-301F-11D3-BF4B-00C04F79EFBC}") = "RhythmUI", "RhythmUI\RhythmUI.csproj", "{682544B9-D61D-4260-B358-5F9063B34E1A}"
EndProject
Project("{FAE04EC0-301F-11D3-BF4B-00C04F79EFBC}") = "RhythmViewExtension", "RhythmViewExtension\RhythmViewExtension.csproj", "{A2F75C8F-5F87-461A-AA9E-436677763BB6}"
EndProject
Project("{2150E333-8FDC-42A3-9474-1A3956D46DE8}") = "SolutionItem", "SolutionItem", "{6EF733CB-A768-4D17-94A6-52223448A084}"
EndProject
Project("{2150E333-8FDC-42A3-9474-1A3956D46DE8}") = "Github", "Github", "{6E0545C7-367E-4F87-ACFA-495C8E34B0B4}"
	ProjectSection(SolutionItems) = preProject
		..\LICENSE = ..\LICENSE
		..\README.md = ..\README.md
		..\.github\ISSUE_TEMPLATE\bug_report.md = ..\.github\ISSUE_TEMPLATE\bug_report.md
		..\.github\ISSUE_TEMPLATE\feature_request.md = ..\.github\ISSUE_TEMPLATE\feature_request.md
		..\.github\workflows\tweetRelease.yml = ..\.github\workflows\tweetRelease.yml
	EndProjectSection
EndProject
Project("{2150E333-8FDC-42A3-9474-1A3956D46DE8}") = "Config", "Config", "{E0B328DD-84AC-42E9-A2B0-CC3312AD5A4D}"
	ProjectSection(SolutionItems) = preProject
		_release\Rhythm\pkg.json = _release\Rhythm\pkg.json
		_release\Rhythm\extra\Rhythm_ViewExtensionDefinition.xml = _release\Rhythm\extra\Rhythm_ViewExtensionDefinition.xml
		_release\Rhythm\extra\Rhythm_ExtensionDefinition.xml = _release\Rhythm\extra\Rhythm_ExtensionDefinition.xml
		_release\Rhythm\extra\RhythmCore_DynamoCustomization.xml = _release\Rhythm\extra\RhythmCore_DynamoCustomization.xml
		_release\Rhythm\extra\RhythmRevit_DynamoCustomization.xml = _release\Rhythm\extra\RhythmRevit_DynamoCustomization.xml
	EndProjectSection
EndProject
Global
	GlobalSection(SolutionConfigurationPlatforms) = preSolution
		Debug R20|Any CPU = Debug R20|Any CPU
								Debug R21|Any CPU = Debug R21|Any CPU
								Debug R22|Any CPU = Debug R22|Any CPU
								Debug R23.1|Any CPU = Debug R23.1|Any CPU
								Debug R23|Any CPU = Debug R23|Any CPU
								Debug R24|Any CPU = Debug R24|Any CPU
								Debug R24.1|Any CPU = Debug R24.1|Any CPU
								Release R20|Any CPU = Release R20|Any CPU
								Release R21|Any CPU = Release R21|Any CPU
								Release R22|Any CPU = Release R22|Any CPU
								Release R23.1|Any CPU = Release R23.1|Any CPU
								Release R23|Any CPU = Release R23|Any CPU
								Release R24|Any CPU = Release R24|Any CPU
								Release R24.1|Any CPU = Release R24.1|Any CPU
	EndGlobalSection
	GlobalSection(ProjectConfigurationPlatforms) = postSolution
		{63D58255-D8AB-42FE-BD8E-5EBE6C64C558}.Debug R20|Any CPU.ActiveCfg = Debug|Any CPU
		{63D58255-D8AB-42FE-BD8E-5EBE6C64C558}.Debug R20|Any CPU.Build.0 = Debug|Any CPU
		{63D58255-D8AB-42FE-BD8E-5EBE6C64C558}.Debug R21|Any CPU.ActiveCfg = Debug|Any CPU
		{63D58255-D8AB-42FE-BD8E-5EBE6C64C558}.Debug R21|Any CPU.Build.0 = Debug|Any CPU
		{63D58255-D8AB-42FE-BD8E-5EBE6C64C558}.Debug R23|Any CPU.ActiveCfg = Debug|Any CPU
		{63D58255-D8AB-42FE-BD8E-5EBE6C64C558}.Debug R23|Any CPU.Build.0 = Debug|Any CPU
		{63D58255-D8AB-42FE-BD8E-5EBE6C64C558}.Debug R23.1|Any CPU.ActiveCfg = Debug|Any CPU
		{63D58255-D8AB-42FE-BD8E-5EBE6C64C558}.Debug R23.1|Any CPU.Build.0 = Debug|Any CPU
		{63D58255-D8AB-42FE-BD8E-5EBE6C64C558}.Debug R24|Any CPU.ActiveCfg = Debug|Any CPU
		{63D58255-D8AB-42FE-BD8E-5EBE6C64C558}.Debug R24|Any CPU.Build.0 = Debug|Any CPU
		{63D58255-D8AB-42FE-BD8E-5EBE6C64C558}.Release R20|Any CPU.ActiveCfg = Release|Any CPU
		{63D58255-D8AB-42FE-BD8E-5EBE6C64C558}.Release R20|Any CPU.Build.0 = Release|Any CPU
		{63D58255-D8AB-42FE-BD8E-5EBE6C64C558}.Release R21|Any CPU.ActiveCfg = Release|Any CPU
		{63D58255-D8AB-42FE-BD8E-5EBE6C64C558}.Release R21|Any CPU.Build.0 = Release|Any CPU
		{63D58255-D8AB-42FE-BD8E-5EBE6C64C558}.Release R22|Any CPU.ActiveCfg = Release|Any CPU
		{63D58255-D8AB-42FE-BD8E-5EBE6C64C558}.Release R22|Any CPU.Build.0 = Release|Any CPU
		{63D58255-D8AB-42FE-BD8E-5EBE6C64C558}.Release R23.1|Any CPU.ActiveCfg = Release|Any CPU
		{63D58255-D8AB-42FE-BD8E-5EBE6C64C558}.Release R23.1|Any CPU.Build.0 = Release|Any CPU
		{63D58255-D8AB-42FE-BD8E-5EBE6C64C558}.Release R24|Any CPU.ActiveCfg = Debug|Any CPU
		{63D58255-D8AB-42FE-BD8E-5EBE6C64C558}.Release R24|Any CPU.Build.0 = Debug|Any CPU
		{63D58255-D8AB-42FE-BD8E-5EBE6C64C558}.Release R24.1|Any CPU.ActiveCfg = Release|Any CPU
		{63D58255-D8AB-42FE-BD8E-5EBE6C64C558}.Release R24.1|Any CPU.Build.0 = Release|Any CPU
		{63D58255-D8AB-42FE-BD8E-5EBE6C64C558}.Debug R24.1|Any CPU.ActiveCfg = Debug|Any CPU
		{63D58255-D8AB-42FE-BD8E-5EBE6C64C558}.Debug R24.1|Any CPU.Build.0 = Debug|Any CPU
		{E6678CFE-EDFD-4F2D-A992-2B39B19F3F5A}.Debug R20|Any CPU.ActiveCfg = Debug R20|Any CPU
		{E6678CFE-EDFD-4F2D-A992-2B39B19F3F5A}.Debug R20|Any CPU.Build.0 = Debug R20|Any CPU
		{E6678CFE-EDFD-4F2D-A992-2B39B19F3F5A}.Debug R21|Any CPU.ActiveCfg = Debug R21|Any CPU
		{E6678CFE-EDFD-4F2D-A992-2B39B19F3F5A}.Debug R21|Any CPU.Build.0 = Debug R21|Any CPU
		{E6678CFE-EDFD-4F2D-A992-2B39B19F3F5A}.Debug R23|Any CPU.ActiveCfg = Debug R23|Any CPU
		{E6678CFE-EDFD-4F2D-A992-2B39B19F3F5A}.Debug R23|Any CPU.Build.0 = Debug R23|Any CPU
		{E6678CFE-EDFD-4F2D-A992-2B39B19F3F5A}.Debug R23.1|Any CPU.ActiveCfg = Release R23.1|Any CPU
		{E6678CFE-EDFD-4F2D-A992-2B39B19F3F5A}.Debug R23.1|Any CPU.Build.0 = Release R23.1|Any CPU
		{E6678CFE-EDFD-4F2D-A992-2B39B19F3F5A}.Debug R24|Any CPU.ActiveCfg = Debug R24|Any CPU
		{E6678CFE-EDFD-4F2D-A992-2B39B19F3F5A}.Debug R24|Any CPU.Build.0 = Debug R24|Any CPU
		{E6678CFE-EDFD-4F2D-A992-2B39B19F3F5A}.Release R20|Any CPU.ActiveCfg = Release R20|Any CPU
		{E6678CFE-EDFD-4F2D-A992-2B39B19F3F5A}.Release R20|Any CPU.Build.0 = Release R20|Any CPU
		{E6678CFE-EDFD-4F2D-A992-2B39B19F3F5A}.Release R21|Any CPU.ActiveCfg = Release R21|Any CPU
		{E6678CFE-EDFD-4F2D-A992-2B39B19F3F5A}.Release R21|Any CPU.Build.0 = Release R21|Any CPU
		{E6678CFE-EDFD-4F2D-A992-2B39B19F3F5A}.Release R22|Any CPU.ActiveCfg = Release R22|Any CPU
		{E6678CFE-EDFD-4F2D-A992-2B39B19F3F5A}.Release R22|Any CPU.Build.0 = Release R22|Any CPU
		{E6678CFE-EDFD-4F2D-A992-2B39B19F3F5A}.Release R23.1|Any CPU.ActiveCfg = Release R23|Any CPU
		{E6678CFE-EDFD-4F2D-A992-2B39B19F3F5A}.Release R23.1|Any CPU.Build.0 = Release R23|Any CPU
		{E6678CFE-EDFD-4F2D-A992-2B39B19F3F5A}.Release R24|Any CPU.ActiveCfg = Debug R24|Any CPU
		{E6678CFE-EDFD-4F2D-A992-2B39B19F3F5A}.Release R24|Any CPU.Build.0 = Debug R24|Any CPU
		{E6678CFE-EDFD-4F2D-A992-2B39B19F3F5A}.Release R24.1|Any CPU.ActiveCfg = Release R24.1|Any CPU
		{E6678CFE-EDFD-4F2D-A992-2B39B19F3F5A}.Release R24.1|Any CPU.Build.0 = Release R24.1|Any CPU
		{E6678CFE-EDFD-4F2D-A992-2B39B19F3F5A}.Debug R24.1|Any CPU.ActiveCfg = Debug R24.1|Any CPU
		{E6678CFE-EDFD-4F2D-A992-2B39B19F3F5A}.Debug R24.1|Any CPU.Build.0 = Debug R24.1|Any CPU
		{A2F75C8F-5F87-461A-AA9E-436677763BB6}.Debug R20|Any CPU.ActiveCfg = Debug|Any CPU
		{A2F75C8F-5F87-461A-AA9E-436677763BB6}.Debug R20|Any CPU.Build.0 = Debug|Any CPU
		{A2F75C8F-5F87-461A-AA9E-436677763BB6}.Debug R21|Any CPU.ActiveCfg = Debug|Any CPU
		{A2F75C8F-5F87-461A-AA9E-436677763BB6}.Debug R21|Any CPU.Build.0 = Debug|Any CPU
		{A2F75C8F-5F87-461A-AA9E-436677763BB6}.Debug R23|Any CPU.ActiveCfg = Debug|Any CPU
		{A2F75C8F-5F87-461A-AA9E-436677763BB6}.Debug R23|Any CPU.Build.0 = Debug|Any CPU
		{A2F75C8F-5F87-461A-AA9E-436677763BB6}.Debug R23.1|Any CPU.ActiveCfg = Debug|Any CPU
		{A2F75C8F-5F87-461A-AA9E-436677763BB6}.Debug R23.1|Any CPU.Build.0 = Debug|Any CPU
		{A2F75C8F-5F87-461A-AA9E-436677763BB6}.Debug R24|Any CPU.ActiveCfg = Debug|Any CPU
		{A2F75C8F-5F87-461A-AA9E-436677763BB6}.Debug R24|Any CPU.Build.0 = Debug|Any CPU
		{A2F75C8F-5F87-461A-AA9E-436677763BB6}.Release R20|Any CPU.ActiveCfg = Release|Any CPU
		{A2F75C8F-5F87-461A-AA9E-436677763BB6}.Release R20|Any CPU.Build.0 = Release|Any CPU
		{A2F75C8F-5F87-461A-AA9E-436677763BB6}.Release R21|Any CPU.ActiveCfg = Release|Any CPU
		{A2F75C8F-5F87-461A-AA9E-436677763BB6}.Release R21|Any CPU.Build.0 = Release|Any CPU
		{A2F75C8F-5F87-461A-AA9E-436677763BB6}.Release R22|Any CPU.ActiveCfg = Release|Any CPU
		{A2F75C8F-5F87-461A-AA9E-436677763BB6}.Release R22|Any CPU.Build.0 = Release|Any CPU
		{A2F75C8F-5F87-461A-AA9E-436677763BB6}.Release R23.1|Any CPU.ActiveCfg = Release|Any CPU
		{A2F75C8F-5F87-461A-AA9E-436677763BB6}.Release R23.1|Any CPU.Build.0 = Release|Any CPU
		{A2F75C8F-5F87-461A-AA9E-436677763BB6}.Release R24|Any CPU.ActiveCfg = Debug|Any CPU
		{A2F75C8F-5F87-461A-AA9E-436677763BB6}.Release R24|Any CPU.Build.0 = Debug|Any CPU
		{A2F75C8F-5F87-461A-AA9E-436677763BB6}.Release R24.1|Any CPU.ActiveCfg = Release|Any CPU
		{A2F75C8F-5F87-461A-AA9E-436677763BB6}.Release R24.1|Any CPU.Build.0 = Release|Any CPU
		{A2F75C8F-5F87-461A-AA9E-436677763BB6}.Debug R24.1|Any CPU.ActiveCfg = Debug|Any CPU
		{A2F75C8F-5F87-461A-AA9E-436677763BB6}.Debug R24.1|Any CPU.Build.0 = Debug|Any CPU
		{682544B9-D61D-4260-B358-5F9063B34E1A}.Debug R20|Any CPU.ActiveCfg = Debug R20|Any CPU
		{682544B9-D61D-4260-B358-5F9063B34E1A}.Debug R20|Any CPU.Build.0 = Debug R20|Any CPU
		{682544B9-D61D-4260-B358-5F9063B34E1A}.Debug R21|Any CPU.ActiveCfg = Debug R21|Any CPU
		{682544B9-D61D-4260-B358-5F9063B34E1A}.Debug R21|Any CPU.Build.0 = Debug R21|Any CPU
		{682544B9-D61D-4260-B358-5F9063B34E1A}.Debug R23|Any CPU.ActiveCfg = Debug R23|Any CPU
		{682544B9-D61D-4260-B358-5F9063B34E1A}.Debug R23|Any CPU.Build.0 = Debug R23|Any CPU
		{682544B9-D61D-4260-B358-5F9063B34E1A}.Debug R23.1|Any CPU.ActiveCfg = Release R23.1|Any CPU
		{682544B9-D61D-4260-B358-5F9063B34E1A}.Debug R23.1|Any CPU.Build.0 = Release R23.1|Any CPU
		{682544B9-D61D-4260-B358-5F9063B34E1A}.Debug R24|Any CPU.ActiveCfg = Debug R24|Any CPU
		{682544B9-D61D-4260-B358-5F9063B34E1A}.Debug R24|Any CPU.Build.0 = Debug R24|Any CPU
		{682544B9-D61D-4260-B358-5F9063B34E1A}.Release R20|Any CPU.ActiveCfg = Release R20|Any CPU
		{682544B9-D61D-4260-B358-5F9063B34E1A}.Release R20|Any CPU.Build.0 = Release R20|Any CPU
		{682544B9-D61D-4260-B358-5F9063B34E1A}.Release R21|Any CPU.ActiveCfg = Release R21|Any CPU
		{682544B9-D61D-4260-B358-5F9063B34E1A}.Release R21|Any CPU.Build.0 = Release R21|Any CPU
		{682544B9-D61D-4260-B358-5F9063B34E1A}.Release R22|Any CPU.ActiveCfg = Release R22|Any CPU
		{682544B9-D61D-4260-B358-5F9063B34E1A}.Release R22|Any CPU.Build.0 = Release R22|Any CPU
		{682544B9-D61D-4260-B358-5F9063B34E1A}.Release R23.1|Any CPU.ActiveCfg = Release R23|Any CPU
		{682544B9-D61D-4260-B358-5F9063B34E1A}.Release R23.1|Any CPU.Build.0 = Release R23|Any CPU
		{682544B9-D61D-4260-B358-5F9063B34E1A}.Release R24|Any CPU.ActiveCfg = Debug R24|Any CPU
		{682544B9-D61D-4260-B358-5F9063B34E1A}.Release R24|Any CPU.Build.0 = Debug R24|Any CPU
		{682544B9-D61D-4260-B358-5F9063B34E1A}.Release R24.1|Any CPU.ActiveCfg = Release R24.1|Any CPU
		{682544B9-D61D-4260-B358-5F9063B34E1A}.Release R24.1|Any CPU.Build.0 = Release R24.1|Any CPU
		{682544B9-D61D-4260-B358-5F9063B34E1A}.Debug R24.1|Any CPU.ActiveCfg = Debug R24.1|Any CPU
		{682544B9-D61D-4260-B358-5F9063B34E1A}.Debug R24.1|Any CPU.Build.0 = Debug R24.1|Any CPU
	EndGlobalSection
	GlobalSection(SolutionProperties) = preSolution
		HideSolutionNode = FALSE
	EndGlobalSection
	GlobalSection(ExtensibilityGlobals) = postSolution
		SolutionGuid = {4478FE1D-3AC1-498B-949E-DAC465FC6EDA}
	EndGlobalSection
	GlobalSection(NestedProjects) = preSolution
		{6E0545C7-367E-4F87-ACFA-495C8E34B0B4} = {6EF733CB-A768-4D17-94A6-52223448A084}
		{E0B328DD-84AC-42E9-A2B0-CC3312AD5A4D} = {6EF733CB-A768-4D17-94A6-52223448A084}
	EndGlobalSection
EndGlobal
