
Microsoft Visual Studio Solution File, Format Version 12.00
# Visual Studio 15
VisualStudioVersion = 15.0.28307.1082
MinimumVisualStudioVersion = 10.0.40219.1
Project("{FAE04EC0-301F-11D3-BF4B-00C04F79EFBC}") = "RhythmRevit2021", "RhythmRevit2021\RhythmRevit2021.csproj", "{894A0868-FE65-478C-BDF5-67DB3D517D44}"
EndProject
Global
	GlobalSection(SolutionConfigurationPlatforms) = preSolution
		Debug|Any CPU = Debug|Any CPU
		Release|Any CPU = Release|Any CPU
	EndGlobalSection
	GlobalSection(ProjectConfigurationPlatforms) = postSolution
		{894A0868-FE65-478C-BDF5-67DB3D517D44}.Debug|Any CPU.ActiveCfg = Debug|Any CPU
		{894A0868-FE65-478C-BDF5-67DB3D517D44}.Debug|Any CPU.Build.0 = Debug|Any CPU
		{894A0868-FE65-478C-BDF5-67DB3D517D44}.Release|Any CPU.ActiveCfg = Release|Any CPU
		{894A0868-FE65-478C-BDF5-67DB3D517D44}.Release|Any CPU.Build.0 = Release|Any CPU
	EndGlobalSection
	GlobalSection(SolutionProperties) = preSolution
		HideSolutionNode = FALSE
	EndGlobalSection
	GlobalSection(ExtensibilityGlobals) = postSolution
		SolutionGuid = {42CB4604-9D84-4F43-81B1-C167F7E86DD6}
	EndGlobalSection
EndGlobal
